
Microsoft Visual Studio Solution File, Format Version 12.00
# Visual Studio Version 16
VisualStudioVersion = 16.0.32126.315
MinimumVisualStudioVersion = 10.0.40219.1
Project("{FAE04EC0-301F-11D3-BF4B-00C04F79EFBC}") = "IncidentForm", "IncidentForm\IncidentForm.csproj", "{AF0796B2-C02D-4130-8F8E-748B2B440FFE}"
EndProject
Global
	GlobalSection(SolutionConfigurationPlatforms) = preSolution
		Debug|Any CPU = Debug|Any CPU
		Release|Any CPU = Release|Any CPU
	EndGlobalSection
	GlobalSection(ProjectConfigurationPlatforms) = postSolution
		{AF0796B2-C02D-4130-8F8E-748B2B440FFE}.Debug|Any CPU.ActiveCfg = Debug|Any CPU
		{AF0796B2-C02D-4130-8F8E-748B2B440FFE}.Debug|Any CPU.Build.0 = Debug|Any CPU
		{AF0796B2-C02D-4130-8F8E-748B2B440FFE}.Release|Any CPU.ActiveCfg = Release|Any CPU
		{AF0796B2-C02D-4130-8F8E-748B2B440FFE}.Release|Any CPU.Build.0 = Release|Any CPU
	EndGlobalSection
	GlobalSection(SolutionProperties) = preSolution
		HideSolutionNode = FALSE
	EndGlobalSection
	GlobalSection(ExtensibilityGlobals) = postSolution
		SolutionGuid = {85B2091C-D684-4A51-BF20-F46609CD839C}
	EndGlobalSection
EndGlobal
